
Microsoft Visual Studio Solution File, Format Version 12.00
# Visual Studio Version 17
VisualStudioVersion = 17.0.31903.59
MinimumVisualStudioVersion = 10.0.40219.1
Project("{FAE04EC0-301F-11D3-BF4B-00C04F79EFBC}") = "HotelWebAPI", "HotelWebAPI\HotelWebAPI.csproj", "{FB1A18DF-0DCF-45B6-8E1B-CD2AE5E64AE8}"
EndProject
Project("{FAE04EC0-301F-11D3-BF4B-00C04F79EFBC}") = "EntityLayer", "EntityLayer\EntityLayer.csproj", "{048FDE60-1A8B-4BCC-91A8-5AA40EC0E84F}"
EndProject
Project("{FAE04EC0-301F-11D3-BF4B-00C04F79EFBC}") = "DAL", "DAL\DAL.csproj", "{8243725E-6659-46B4-848B-6D545EE16379}"
EndProject
Project("{FAE04EC0-301F-11D3-BF4B-00C04F79EFBC}") = "Service", "Service\Service.csproj", "{4CBCBB92-9596-4DDB-8198-77E061AA3A2E}"
EndProject
Global
	GlobalSection(SolutionConfigurationPlatforms) = preSolution
		Debug|Any CPU = Debug|Any CPU
		Release|Any CPU = Release|Any CPU
	EndGlobalSection
	GlobalSection(SolutionProperties) = preSolution
		HideSolutionNode = FALSE
	EndGlobalSection
	GlobalSection(ProjectConfigurationPlatforms) = postSolution
		{FB1A18DF-0DCF-45B6-8E1B-CD2AE5E64AE8}.Debug|Any CPU.ActiveCfg = Debug|Any CPU
		{FB1A18DF-0DCF-45B6-8E1B-CD2AE5E64AE8}.Debug|Any CPU.Build.0 = Debug|Any CPU
		{FB1A18DF-0DCF-45B6-8E1B-CD2AE5E64AE8}.Release|Any CPU.ActiveCfg = Release|Any CPU
		{FB1A18DF-0DCF-45B6-8E1B-CD2AE5E64AE8}.Release|Any CPU.Build.0 = Release|Any CPU
		{048FDE60-1A8B-4BCC-91A8-5AA40EC0E84F}.Debug|Any CPU.ActiveCfg = Debug|Any CPU
		{048FDE60-1A8B-4BCC-91A8-5AA40EC0E84F}.Debug|Any CPU.Build.0 = Debug|Any CPU
		{048FDE60-1A8B-4BCC-91A8-5AA40EC0E84F}.Release|Any CPU.ActiveCfg = Release|Any CPU
		{048FDE60-1A8B-4BCC-91A8-5AA40EC0E84F}.Release|Any CPU.Build.0 = Release|Any CPU
		{8243725E-6659-46B4-848B-6D545EE16379}.Debug|Any CPU.ActiveCfg = Debug|Any CPU
		{8243725E-6659-46B4-848B-6D545EE16379}.Debug|Any CPU.Build.0 = Debug|Any CPU
		{8243725E-6659-46B4-848B-6D545EE16379}.Release|Any CPU.ActiveCfg = Release|Any CPU
		{8243725E-6659-46B4-848B-6D545EE16379}.Release|Any CPU.Build.0 = Release|Any CPU
		{4CBCBB92-9596-4DDB-8198-77E061AA3A2E}.Debug|Any CPU.ActiveCfg = Debug|Any CPU
		{4CBCBB92-9596-4DDB-8198-77E061AA3A2E}.Debug|Any CPU.Build.0 = Debug|Any CPU
		{4CBCBB92-9596-4DDB-8198-77E061AA3A2E}.Release|Any CPU.ActiveCfg = Release|Any CPU
		{4CBCBB92-9596-4DDB-8198-77E061AA3A2E}.Release|Any CPU.Build.0 = Release|Any CPU
	EndGlobalSection
EndGlobal
